
Microsoft Visual Studio Solution File, Format Version 12.00
# Visual Studio Version 17
VisualStudioVersion = 17.5.33516.290
MinimumVisualStudioVersion = 10.0.40219.1
Project("{FAE04EC0-301F-11D3-BF4B-00C04F79EFBC}") = "May2023", "May2023\May2023.csproj", "{CEED7F22-C705-428B-A964-0F28F298C654}"
EndProject
Global
	GlobalSection(SolutionConfigurationPlatforms) = preSolution
		Debug|Any CPU = Debug|Any CPU
		Release|Any CPU = Release|Any CPU
	EndGlobalSection
	GlobalSection(ProjectConfigurationPlatforms) = postSolution
		{CEED7F22-C705-428B-A964-0F28F298C654}.Debug|Any CPU.ActiveCfg = Debug|Any CPU
		{CEED7F22-C705-428B-A964-0F28F298C654}.Debug|Any CPU.Build.0 = Debug|Any CPU
		{CEED7F22-C705-428B-A964-0F28F298C654}.Release|Any CPU.ActiveCfg = Release|Any CPU
		{CEED7F22-C705-428B-A964-0F28F298C654}.Release|Any CPU.Build.0 = Release|Any CPU
	EndGlobalSection
	GlobalSection(SolutionProperties) = preSolution
		HideSolutionNode = FALSE
	EndGlobalSection
	GlobalSection(ExtensibilityGlobals) = postSolution
		SolutionGuid = {53968124-1018-485B-872A-5FB0D588CF46}
	EndGlobalSection
EndGlobal
